
Microsoft Visual Studio Solution File, Format Version 12.00
# Visual Studio 15
VisualStudioVersion = 15.0.28307.572
MinimumVisualStudioVersion = 10.0.40219.1
Project("{FAE04EC0-301F-11D3-BF4B-00C04F79EFBC}") = "Demo_SimpleWebApiExamples", "Demo_SimpleWebApiExamples\Demo_SimpleWebApiExamples.csproj", "{659DAAD8-6C0A-4B9F-A049-40E0B296D68D}"
EndProject
Project("{FAE04EC0-301F-11D3-BF4B-00C04F79EFBC}") = "WebApiLibrary", "WebApiLibrary\WebApiLibrary.csproj", "{C5AC5F4B-8793-4BC5-9A1D-4DAA977C0F5C}"
EndProject
Project("{FAE04EC0-301F-11D3-BF4B-00C04F79EFBC}") = "Wpf_WebApi_Weather", "Wpf_WebApi_Weather\Wpf_WebApi_Weather.csproj", "{F66909A5-3B5A-418F-83A4-25B361777FFD}"
EndProject
Global
	GlobalSection(SolutionConfigurationPlatforms) = preSolution
		Debug|Any CPU = Debug|Any CPU
		Release|Any CPU = Release|Any CPU
	EndGlobalSection
	GlobalSection(ProjectConfigurationPlatforms) = postSolution
		{659DAAD8-6C0A-4B9F-A049-40E0B296D68D}.Debug|Any CPU.ActiveCfg = Debug|Any CPU
		{659DAAD8-6C0A-4B9F-A049-40E0B296D68D}.Debug|Any CPU.Build.0 = Debug|Any CPU
		{659DAAD8-6C0A-4B9F-A049-40E0B296D68D}.Release|Any CPU.ActiveCfg = Release|Any CPU
		{659DAAD8-6C0A-4B9F-A049-40E0B296D68D}.Release|Any CPU.Build.0 = Release|Any CPU
		{C5AC5F4B-8793-4BC5-9A1D-4DAA977C0F5C}.Debug|Any CPU.ActiveCfg = Debug|Any CPU
		{C5AC5F4B-8793-4BC5-9A1D-4DAA977C0F5C}.Debug|Any CPU.Build.0 = Debug|Any CPU
		{C5AC5F4B-8793-4BC5-9A1D-4DAA977C0F5C}.Release|Any CPU.ActiveCfg = Release|Any CPU
		{C5AC5F4B-8793-4BC5-9A1D-4DAA977C0F5C}.Release|Any CPU.Build.0 = Release|Any CPU
		{F66909A5-3B5A-418F-83A4-25B361777FFD}.Debug|Any CPU.ActiveCfg = Debug|Any CPU
		{F66909A5-3B5A-418F-83A4-25B361777FFD}.Debug|Any CPU.Build.0 = Debug|Any CPU
		{F66909A5-3B5A-418F-83A4-25B361777FFD}.Release|Any CPU.ActiveCfg = Release|Any CPU
		{F66909A5-3B5A-418F-83A4-25B361777FFD}.Release|Any CPU.Build.0 = Release|Any CPU
	EndGlobalSection
	GlobalSection(SolutionProperties) = preSolution
		HideSolutionNode = FALSE
	EndGlobalSection
	GlobalSection(ExtensibilityGlobals) = postSolution
		SolutionGuid = {27B630D3-4A97-49A5-9EAD-A0333B026BB1}
	EndGlobalSection
EndGlobal
